
Microsoft Visual Studio Solution File, Format Version 12.00
# Visual Studio Version 17
VisualStudioVersion = 17.13.35919.96
MinimumVisualStudioVersion = 10.0.40219.1
Project("{FAE04EC0-301F-11D3-BF4B-00C04F79EFBC}") = "Update", "Update.csproj", "{18C4FCCE-7212-FFDF-0A93-E7B99FA42662}"
EndProject
Project("{FAE04EC0-301F-11D3-BF4B-00C04F79EFBC}") = "BibliotecasSIG", "..\BibliotecasSIG\BibliotecasSIG\BibliotecasSIG.csproj", "{894B3E19-8B96-32B5-7879-F8352B0B74A2}"
EndProject
Global
	GlobalSection(SolutionConfigurationPlatforms) = preSolution
		Debug|Any CPU = Debug|Any CPU
		Release|Any CPU = Release|Any CPU
	EndGlobalSection
	GlobalSection(ProjectConfigurationPlatforms) = postSolution
		{18C4FCCE-7212-FFDF-0A93-E7B99FA42662}.Debug|Any CPU.ActiveCfg = Debug|Any CPU
		{18C4FCCE-7212-FFDF-0A93-E7B99FA42662}.Debug|Any CPU.Build.0 = Debug|Any CPU
		{18C4FCCE-7212-FFDF-0A93-E7B99FA42662}.Release|Any CPU.ActiveCfg = Release|Any CPU
		{18C4FCCE-7212-FFDF-0A93-E7B99FA42662}.Release|Any CPU.Build.0 = Release|Any CPU
		{894B3E19-8B96-32B5-7879-F8352B0B74A2}.Debug|Any CPU.ActiveCfg = Debug|Any CPU
		{894B3E19-8B96-32B5-7879-F8352B0B74A2}.Debug|Any CPU.Build.0 = Debug|Any CPU
		{894B3E19-8B96-32B5-7879-F8352B0B74A2}.Release|Any CPU.ActiveCfg = Release|Any CPU
		{894B3E19-8B96-32B5-7879-F8352B0B74A2}.Release|Any CPU.Build.0 = Release|Any CPU
	EndGlobalSection
	GlobalSection(SolutionProperties) = preSolution
		HideSolutionNode = FALSE
	EndGlobalSection
	GlobalSection(ExtensibilityGlobals) = postSolution
		SolutionGuid = {F3171394-CBE2-4479-8268-FBD7BC7A1748}
	EndGlobalSection
EndGlobal
